
Microsoft Visual Studio Solution File, Format Version 12.00
# Visual Studio Version 17
VisualStudioVersion = 17.3.32811.315
MinimumVisualStudioVersion = 10.0.40219.1
Project("{FAE04EC0-301F-11D3-BF4B-00C04F79EFBC}") = "RegistrationWindow", "RegistrationWindow\RegistrationWindow.csproj", "{20B288A4-8190-4CF6-9A69-C482A86BFC5A}"
EndProject
Global
	GlobalSection(SolutionConfigurationPlatforms) = preSolution
		Debug|Any CPU = Debug|Any CPU
		Release|Any CPU = Release|Any CPU
	EndGlobalSection
	GlobalSection(ProjectConfigurationPlatforms) = postSolution
		{20B288A4-8190-4CF6-9A69-C482A86BFC5A}.Debug|Any CPU.ActiveCfg = Debug|Any CPU
		{20B288A4-8190-4CF6-9A69-C482A86BFC5A}.Debug|Any CPU.Build.0 = Debug|Any CPU
		{20B288A4-8190-4CF6-9A69-C482A86BFC5A}.Release|Any CPU.ActiveCfg = Release|Any CPU
		{20B288A4-8190-4CF6-9A69-C482A86BFC5A}.Release|Any CPU.Build.0 = Release|Any CPU
	EndGlobalSection
	GlobalSection(SolutionProperties) = preSolution
		HideSolutionNode = FALSE
	EndGlobalSection
	GlobalSection(ExtensibilityGlobals) = postSolution
		SolutionGuid = {49555BD6-FE33-4DDC-B29C-35BEE9494002}
	EndGlobalSection
EndGlobal
